
Microsoft Visual Studio Solution File, Format Version 12.00
# Visual Studio 15
Project("{FAE04EC0-301F-11D3-BF4B-00C04F79EFBC}") = "PrismExample.Android", "PrismExample.Android\PrismExample.Android.csproj", "{08B52D06-B408-4720-8184-E2870A49F60B}"
EndProject
Project("{FAE04EC0-301F-11D3-BF4B-00C04F79EFBC}") = "PrismExample.iOS", "PrismExample.iOS\PrismExample.iOS.csproj", "{23ACC1C1-9868-423A-AB02-DAC91C0A98A2}"
EndProject
Project("{FAE04EC0-301F-11D3-BF4B-00C04F79EFBC}") = "PrismExample", "PrismExample\PrismExample.csproj", "{9DD54C33-340B-45A9-89F2-AD713A2F1CA6}"
EndProject
Global
	GlobalSection(SolutionConfigurationPlatforms) = preSolution
		Debug|Any CPU = Debug|Any CPU
		Release|Any CPU = Release|Any CPU
		Debug|iPhoneSimulator = Debug|iPhoneSimulator
		Release|iPhoneSimulator = Release|iPhoneSimulator
		Debug|iPhone = Debug|iPhone
		Release|iPhone = Release|iPhone
	EndGlobalSection
	GlobalSection(ProjectConfigurationPlatforms) = postSolution
		{08B52D06-B408-4720-8184-E2870A49F60B}.Debug|Any CPU.ActiveCfg = Debug|Any CPU
		{08B52D06-B408-4720-8184-E2870A49F60B}.Debug|Any CPU.Build.0 = Debug|Any CPU
		{08B52D06-B408-4720-8184-E2870A49F60B}.Release|Any CPU.ActiveCfg = Release|Any CPU
		{08B52D06-B408-4720-8184-E2870A49F60B}.Release|Any CPU.Build.0 = Release|Any CPU
		{08B52D06-B408-4720-8184-E2870A49F60B}.Debug|iPhoneSimulator.ActiveCfg = Debug|Any CPU
		{08B52D06-B408-4720-8184-E2870A49F60B}.Debug|iPhoneSimulator.Build.0 = Debug|Any CPU
		{08B52D06-B408-4720-8184-E2870A49F60B}.Release|iPhoneSimulator.ActiveCfg = Release|Any CPU
		{08B52D06-B408-4720-8184-E2870A49F60B}.Release|iPhoneSimulator.Build.0 = Release|Any CPU
		{08B52D06-B408-4720-8184-E2870A49F60B}.Debug|iPhone.ActiveCfg = Debug|Any CPU
		{08B52D06-B408-4720-8184-E2870A49F60B}.Debug|iPhone.Build.0 = Debug|Any CPU
		{08B52D06-B408-4720-8184-E2870A49F60B}.Release|iPhone.ActiveCfg = Release|Any CPU
		{08B52D06-B408-4720-8184-E2870A49F60B}.Release|iPhone.Build.0 = Release|Any CPU
		{23ACC1C1-9868-423A-AB02-DAC91C0A98A2}.Debug|Any CPU.ActiveCfg = Debug|iPhoneSimulator
		{23ACC1C1-9868-423A-AB02-DAC91C0A98A2}.Debug|Any CPU.Build.0 = Debug|iPhoneSimulator
		{23ACC1C1-9868-423A-AB02-DAC91C0A98A2}.Release|Any CPU.ActiveCfg = Release|iPhoneSimulator
		{23ACC1C1-9868-423A-AB02-DAC91C0A98A2}.Release|Any CPU.Build.0 = Release|iPhoneSimulator
		{23ACC1C1-9868-423A-AB02-DAC91C0A98A2}.Debug|iPhoneSimulator.ActiveCfg = Debug|iPhoneSimulator
		{23ACC1C1-9868-423A-AB02-DAC91C0A98A2}.Debug|iPhoneSimulator.Build.0 = Debug|iPhoneSimulator
		{23ACC1C1-9868-423A-AB02-DAC91C0A98A2}.Release|iPhoneSimulator.ActiveCfg = Release|iPhoneSimulator
		{23ACC1C1-9868-423A-AB02-DAC91C0A98A2}.Release|iPhoneSimulator.Build.0 = Release|iPhoneSimulator
		{23ACC1C1-9868-423A-AB02-DAC91C0A98A2}.Debug|iPhone.ActiveCfg = Debug|iPhone
		{23ACC1C1-9868-423A-AB02-DAC91C0A98A2}.Debug|iPhone.Build.0 = Debug|iPhone
		{23ACC1C1-9868-423A-AB02-DAC91C0A98A2}.Release|iPhone.ActiveCfg = Release|iPhone
		{23ACC1C1-9868-423A-AB02-DAC91C0A98A2}.Release|iPhone.Build.0 = Release|iPhone
		{9DD54C33-340B-45A9-89F2-AD713A2F1CA6}.Debug|Any CPU.ActiveCfg = Debug|Any CPU
		{9DD54C33-340B-45A9-89F2-AD713A2F1CA6}.Debug|Any CPU.Build.0 = Debug|Any CPU
		{9DD54C33-340B-45A9-89F2-AD713A2F1CA6}.Release|Any CPU.ActiveCfg = Release|Any CPU
		{9DD54C33-340B-45A9-89F2-AD713A2F1CA6}.Release|Any CPU.Build.0 = Release|Any CPU
		{9DD54C33-340B-45A9-89F2-AD713A2F1CA6}.Debug|iPhoneSimulator.ActiveCfg = Debug|Any CPU
		{9DD54C33-340B-45A9-89F2-AD713A2F1CA6}.Debug|iPhoneSimulator.Build.0 = Debug|Any CPU
		{9DD54C33-340B-45A9-89F2-AD713A2F1CA6}.Release|iPhoneSimulator.ActiveCfg = Release|Any CPU
		{9DD54C33-340B-45A9-89F2-AD713A2F1CA6}.Release|iPhoneSimulator.Build.0 = Release|Any CPU
		{9DD54C33-340B-45A9-89F2-AD713A2F1CA6}.Debug|iPhone.ActiveCfg = Debug|Any CPU
		{9DD54C33-340B-45A9-89F2-AD713A2F1CA6}.Debug|iPhone.Build.0 = Debug|Any CPU
		{9DD54C33-340B-45A9-89F2-AD713A2F1CA6}.Release|iPhone.ActiveCfg = Release|Any CPU
		{9DD54C33-340B-45A9-89F2-AD713A2F1CA6}.Release|iPhone.Build.0 = Release|Any CPU
	EndGlobalSection
EndGlobal
